// !$*UTF8*$!
{
	archiveVersion = 1;
	classes = {
	};
	objectVersion = 50;
	objects = {

/* Begin PBXBuildFile section */
		A333AAEE25E411DB0052B536 /* ForesightApp.swift in Sources */ = {isa = PBXBuildFile; fileRef = A333AAE925E411D40052B536 /* ForesightApp.swift */; };
		A333AB0A25E414C50052B536 /* ForesightWatchApp.swift in Sources */ = {isa = PBXBuildFile; fileRef = A3FA151825E29BB7008F83C6 /* ForesightWatchApp.swift */; };
		A333AB0B25E414C50052B536 /* WatchView.swift in Sources */ = {isa = PBXBuildFile; fileRef = A3FA151A25E29BB7008F83C6 /* WatchView.swift */; };
		A333AB0F25E414CB0052B536 /* WatchView.swift in Sources */ = {isa = PBXBuildFile; fileRef = A3FA151A25E29BB7008F83C6 /* WatchView.swift */; };
		A3A77DB325E29CF400DA4D29 /* WeatherService.swift in Sources */ = {isa = PBXBuildFile; fileRef = A3A77DB025E29CF400DA4D29 /* WeatherService.swift */; };
		A3A77DB425E29CF400DA4D29 /* Weather.swift in Sources */ = {isa = PBXBuildFile; fileRef = A3A77DB125E29CF400DA4D29 /* Weather.swift */; };
		A3A77DB525E29CF400DA4D29 /* WeatherView.swift in Sources */ = {isa = PBXBuildFile; fileRef = A3A77DB225E29CF400DA4D29 /* WeatherView.swift */; };
		A3A77DBA25E2A4E600DA4D29 /* WeatherViewModel.swift in Sources */ = {isa = PBXBuildFile; fileRef = A3A77DB925E2A4E600DA4D29 /* WeatherViewModel.swift */; };
		A3A77DD325E2C7DE00DA4D29 /* WeatherService.swift in Sources */ = {isa = PBXBuildFile; fileRef = A3A77DB025E29CF400DA4D29 /* WeatherService.swift */; };
		A3A77DD725E2C7F000DA4D29 /* WeatherViewModel.swift in Sources */ = {isa = PBXBuildFile; fileRef = A3A77DB925E2A4E600DA4D29 /* WeatherViewModel.swift */; };
		A3A77DDB25E2C8AF00DA4D29 /* Weather.swift in Sources */ = {isa = PBXBuildFile; fileRef = A3A77DB125E29CF400DA4D29 /* Weather.swift */; };
		A3FA150025E29BB4008F83C6 /* Assets.xcassets in Resources */ = {isa = PBXBuildFile; fileRef = A3FA14FF25E29BB4008F83C6 /* Assets.xcassets */; };
		A3FA150325E29BB4008F83C6 /* Preview Assets.xcassets in Resources */ = {isa = PBXBuildFile; fileRef = A3FA150225E29BB4008F83C6 /* Preview Assets.xcassets */; };
		A3FA150825E29BB4008F83C6 /* Foresight WatchKit App.app in Embed Watch Content */ = {isa = PBXBuildFile; fileRef = A3FA150725E29BB4008F83C6 /* Foresight WatchKit App.app */; settings = {ATTRIBUTES = (RemoveHeadersOnCopy, ); }; };
		A3FA150D25E29BB7008F83C6 /* Assets.xcassets in Resources */ = {isa = PBXBuildFile; fileRef = A3FA150C25E29BB7008F83C6 /* Assets.xcassets */; };
		A3FA151425E29BB7008F83C6 /* Foresight WatchKit Extension.appex in Embed App Extensions */ = {isa = PBXBuildFile; fileRef = A3FA151325E29BB7008F83C6 /* Foresight WatchKit Extension.appex */; settings = {ATTRIBUTES = (RemoveHeadersOnCopy, ); }; };
		A3FA151D25E29BB7008F83C6 /* NotificationController.swift in Sources */ = {isa = PBXBuildFile; fileRef = A3FA151C25E29BB7008F83C6 /* NotificationController.swift */; };
		A3FA151F25E29BB7008F83C6 /* NotificationView.swift in Sources */ = {isa = PBXBuildFile; fileRef = A3FA151E25E29BB7008F83C6 /* NotificationView.swift */; };
		A3FA152125E29BB7008F83C6 /* ComplicationController.swift in Sources */ = {isa = PBXBuildFile; fileRef = A3FA152025E29BB7008F83C6 /* ComplicationController.swift */; };
		A3FA152325E29BB9008F83C6 /* Assets.xcassets in Resources */ = {isa = PBXBuildFile; fileRef = A3FA152225E29BB9008F83C6 /* Assets.xcassets */; };
		A3FA152625E29BB9008F83C6 /* Preview Assets.xcassets in Resources */ = {isa = PBXBuildFile; fileRef = A3FA152525E29BB9008F83C6 /* Preview Assets.xcassets */; };
/* End PBXBuildFile section */

/* Begin PBXContainerItemProxy section */
		A3FA150925E29BB4008F83C6 /* PBXContainerItemProxy */ = {
			isa = PBXContainerItemProxy;
			containerPortal = A3FA14F025E29BB1008F83C6 /* Project object */;
			proxyType = 1;
			remoteGlobalIDString = A3FA150625E29BB4008F83C6;
			remoteInfo = "Foresight WatchKit App";
		};
		A3FA151525E29BB7008F83C6 /* PBXContainerItemProxy */ = {
			isa = PBXContainerItemProxy;
			containerPortal = A3FA14F025E29BB1008F83C6 /* Project object */;
			proxyType = 1;
			remoteGlobalIDString = A3FA151225E29BB7008F83C6;
			remoteInfo = "Foresight WatchKit Extension";
		};
/* End PBXContainerItemProxy section */

/* Begin PBXCopyFilesBuildPhase section */
		A3FA152E25E29BB9008F83C6 /* Embed App Extensions */ = {
			isa = PBXCopyFilesBuildPhase;
			buildActionMask = 2147483647;
			dstPath = "";
			dstSubfolderSpec = 13;
			files = (
				A3FA151425E29BB7008F83C6 /* Foresight WatchKit Extension.appex in Embed App Extensions */,
			);
			name = "Embed App Extensions";
			runOnlyForDeploymentPostprocessing = 0;
		};
		A3FA153225E29BB9008F83C6 /* Embed Watch Content */ = {
			isa = PBXCopyFilesBuildPhase;
			buildActionMask = 2147483647;
			dstPath = "$(CONTENTS_FOLDER_PATH)/Watch";
			dstSubfolderSpec = 16;
			files = (
				A3FA150825E29BB4008F83C6 /* Foresight WatchKit App.app in Embed Watch Content */,
			);
			name = "Embed Watch Content";
			runOnlyForDeploymentPostprocessing = 0;
		};
/* End PBXCopyFilesBuildPhase section */

/* Begin PBXFileReference section */
		A333AAE925E411D40052B536 /* ForesightApp.swift */ = {isa = PBXFileReference; fileEncoding = 4; lastKnownFileType = sourcecode.swift; name = ForesightApp.swift; path = Foresight/ForesightApp.swift; sourceTree = SOURCE_ROOT; };
		A3A77DB025E29CF400DA4D29 /* WeatherService.swift */ = {isa = PBXFileReference; fileEncoding = 4; lastKnownFileType = sourcecode.swift; path = WeatherService.swift; sourceTree = "<group>"; };
		A3A77DB125E29CF400DA4D29 /* Weather.swift */ = {isa = PBXFileReference; fileEncoding = 4; lastKnownFileType = sourcecode.swift; path = Weather.swift; sourceTree = "<group>"; };
		A3A77DB225E29CF400DA4D29 /* WeatherView.swift */ = {isa = PBXFileReference; fileEncoding = 4; lastKnownFileType = sourcecode.swift; path = WeatherView.swift; sourceTree = "<group>"; };
		A3A77DB925E2A4E600DA4D29 /* WeatherViewModel.swift */ = {isa = PBXFileReference; lastKnownFileType = sourcecode.swift; path = WeatherViewModel.swift; sourceTree = "<group>"; };
		A3FA14F825E29BB1008F83C6 /* Foresight.app */ = {isa = PBXFileReference; explicitFileType = wrapper.application; includeInIndex = 0; path = Foresight.app; sourceTree = BUILT_PRODUCTS_DIR; };
		A3FA14FF25E29BB4008F83C6 /* Assets.xcassets */ = {isa = PBXFileReference; lastKnownFileType = folder.assetcatalog; path = Assets.xcassets; sourceTree = "<group>"; };
		A3FA150225E29BB4008F83C6 /* Preview Assets.xcassets */ = {isa = PBXFileReference; lastKnownFileType = folder.assetcatalog; path = "Preview Assets.xcassets"; sourceTree = "<group>"; };
		A3FA150425E29BB4008F83C6 /* Info.plist */ = {isa = PBXFileReference; lastKnownFileType = text.plist.xml; path = Info.plist; sourceTree = "<group>"; };
		A3FA150725E29BB4008F83C6 /* Foresight WatchKit App.app */ = {isa = PBXFileReference; explicitFileType = wrapper.application; includeInIndex = 0; path = "Foresight WatchKit App.app"; sourceTree = BUILT_PRODUCTS_DIR; };
		A3FA150C25E29BB7008F83C6 /* Assets.xcassets */ = {isa = PBXFileReference; lastKnownFileType = folder.assetcatalog; path = Assets.xcassets; sourceTree = "<group>"; };
		A3FA150E25E29BB7008F83C6 /* Info.plist */ = {isa = PBXFileReference; lastKnownFileType = text.plist.xml; path = Info.plist; sourceTree = "<group>"; };
		A3FA151325E29BB7008F83C6 /* Foresight WatchKit Extension.appex */ = {isa = PBXFileReference; explicitFileType = "wrapper.app-extension"; includeInIndex = 0; path = "Foresight WatchKit Extension.appex"; sourceTree = BUILT_PRODUCTS_DIR; };
		A3FA151825E29BB7008F83C6 /* ForesightWatchApp.swift */ = {isa = PBXFileReference; lastKnownFileType = sourcecode.swift; path = ForesightWatchApp.swift; sourceTree = "<group>"; };
		A3FA151A25E29BB7008F83C6 /* WatchView.swift */ = {isa = PBXFileReference; lastKnownFileType = sourcecode.swift; path = WatchView.swift; sourceTree = "<group>"; };
		A3FA151C25E29BB7008F83C6 /* NotificationController.swift */ = {isa = PBXFileReference; lastKnownFileType = sourcecode.swift; path = NotificationController.swift; sourceTree = "<group>"; };
		A3FA151E25E29BB7008F83C6 /* NotificationView.swift */ = {isa = PBXFileReference; lastKnownFileType = sourcecode.swift; path = NotificationView.swift; sourceTree = "<group>"; };
		A3FA152025E29BB7008F83C6 /* ComplicationController.swift */ = {isa = PBXFileReference; lastKnownFileType = sourcecode.swift; path = ComplicationController.swift; sourceTree = "<group>"; };
		A3FA152225E29BB9008F83C6 /* Assets.xcassets */ = {isa = PBXFileReference; lastKnownFileType = folder.assetcatalog; path = Assets.xcassets; sourceTree = "<group>"; };
		A3FA152525E29BB9008F83C6 /* Preview Assets.xcassets */ = {isa = PBXFileReference; lastKnownFileType = folder.assetcatalog; path = "Preview Assets.xcassets"; sourceTree = "<group>"; };
		A3FA152725E29BB9008F83C6 /* Info.plist */ = {isa = PBXFileReference; lastKnownFileType = text.plist.xml; path = Info.plist; sourceTree = "<group>"; };
		A3FA152825E29BB9008F83C6 /* PushNotificationPayload.apns */ = {isa = PBXFileReference; lastKnownFileType = text; path = PushNotificationPayload.apns; sourceTree = "<group>"; };
/* End PBXFileReference section */

/* Begin PBXFrameworksBuildPhase section */
		A3FA14F525E29BB1008F83C6 /* Frameworks */ = {
			isa = PBXFrameworksBuildPhase;
			buildActionMask = 2147483647;
			files = (
			);
			runOnlyForDeploymentPostprocessing = 0;
		};
		A3FA151025E29BB7008F83C6 /* Frameworks */ = {
			isa = PBXFrameworksBuildPhase;
			buildActionMask = 2147483647;
			files = (
			);
			runOnlyForDeploymentPostprocessing = 0;
		};
/* End PBXFrameworksBuildPhase section */

/* Begin PBXGroup section */
		A3FA14EF25E29BB1008F83C6 = {
			isa = PBXGroup;
			children = (
				A3FA14FA25E29BB1008F83C6 /* Foresight */,
				A3FA150B25E29BB4008F83C6 /* Foresight WatchKit App */,
				A3FA151725E29BB7008F83C6 /* Foresight WatchKit Extension */,
				A3FA14F925E29BB1008F83C6 /* Products */,
			);
			sourceTree = "<group>";
		};
		A3FA14F925E29BB1008F83C6 /* Products */ = {
			isa = PBXGroup;
			children = (
				A3FA14F825E29BB1008F83C6 /* Foresight.app */,
				A3FA150725E29BB4008F83C6 /* Foresight WatchKit App.app */,
				A3FA151325E29BB7008F83C6 /* Foresight WatchKit Extension.appex */,
			);
			name = Products;
			sourceTree = "<group>";
		};
		A3FA14FA25E29BB1008F83C6 /* Foresight */ = {
			isa = PBXGroup;
			children = (
				A3FA14FF25E29BB4008F83C6 /* Assets.xcassets */,
				A333AAE925E411D40052B536 /* ForesightApp.swift */,
				A3A77DB125E29CF400DA4D29 /* Weather.swift */,
				A3A77DB025E29CF400DA4D29 /* WeatherService.swift */,
				A3A77DB925E2A4E600DA4D29 /* WeatherViewModel.swift */,
				A3A77DB225E29CF400DA4D29 /* WeatherView.swift */,
				A3FA150425E29BB4008F83C6 /* Info.plist */,
				A3FA150125E29BB4008F83C6 /* Preview Content */,
			);
			path = Foresight;
			sourceTree = "<group>";
		};
		A3FA150125E29BB4008F83C6 /* Preview Content */ = {
			isa = PBXGroup;
			children = (
				A3FA150225E29BB4008F83C6 /* Preview Assets.xcassets */,
			);
			path = "Preview Content";
			sourceTree = "<group>";
		};
		A3FA150B25E29BB4008F83C6 /* Foresight WatchKit App */ = {
			isa = PBXGroup;
			children = (
				A3FA150C25E29BB7008F83C6 /* Assets.xcassets */,
				A3FA150E25E29BB7008F83C6 /* Info.plist */,
			);
			path = "Foresight WatchKit App";
			sourceTree = "<group>";
		};
		A3FA151725E29BB7008F83C6 /* Foresight WatchKit Extension */ = {
			isa = PBXGroup;
			children = (
				A3FA151825E29BB7008F83C6 /* ForesightWatchApp.swift */,
				A3FA151A25E29BB7008F83C6 /* WatchView.swift */,
				A3FA151C25E29BB7008F83C6 /* NotificationController.swift */,
				A3FA151E25E29BB7008F83C6 /* NotificationView.swift */,
				A3FA152025E29BB7008F83C6 /* ComplicationController.swift */,
				A3FA152225E29BB9008F83C6 /* Assets.xcassets */,
				A3FA152725E29BB9008F83C6 /* Info.plist */,
				A3FA152825E29BB9008F83C6 /* PushNotificationPayload.apns */,
				A3FA152425E29BB9008F83C6 /* Preview Content */,
			);
			path = "Foresight WatchKit Extension";
			sourceTree = "<group>";
		};
		A3FA152425E29BB9008F83C6 /* Preview Content */ = {
			isa = PBXGroup;
			children = (
				A3FA152525E29BB9008F83C6 /* Preview Assets.xcassets */,
			);
			path = "Preview Content";
			sourceTree = "<group>";
		};
/* End PBXGroup section */

/* Begin PBXNativeTarget section */
		A3FA14F725E29BB1008F83C6 /* Foresight */ = {
			isa = PBXNativeTarget;
			buildConfigurationList = A3FA153325E29BB9008F83C6 /* Build configuration list for PBXNativeTarget "Foresight" */;
			buildPhases = (
				A3FA14F425E29BB1008F83C6 /* Sources */,
				A3FA14F525E29BB1008F83C6 /* Frameworks */,
				A3FA14F625E29BB1008F83C6 /* Resources */,
				A3FA153225E29BB9008F83C6 /* Embed Watch Content */,
			);
			buildRules = (
			);
			dependencies = (
				A3FA150A25E29BB4008F83C6 /* PBXTargetDependency */,
			);
			name = Foresight;
			productName = Foresight;
			productReference = A3FA14F825E29BB1008F83C6 /* Foresight.app */;
			productType = "com.apple.product-type.application";
		};
		A3FA150625E29BB4008F83C6 /* Foresight WatchKit App */ = {
			isa = PBXNativeTarget;
			buildConfigurationList = A3FA152F25E29BB9008F83C6 /* Build configuration list for PBXNativeTarget "Foresight WatchKit App" */;
			buildPhases = (
				A3FA150525E29BB4008F83C6 /* Resources */,
				A3FA152E25E29BB9008F83C6 /* Embed App Extensions */,
			);
			buildRules = (
			);
			dependencies = (
				A3FA151625E29BB7008F83C6 /* PBXTargetDependency */,
			);
			name = "Foresight WatchKit App";
			productName = "Foresight WatchKit App";
			productReference = A3FA150725E29BB4008F83C6 /* Foresight WatchKit App.app */;
			productType = "com.apple.product-type.application.watchapp2";
		};
		A3FA151225E29BB7008F83C6 /* Foresight WatchKit Extension */ = {
			isa = PBXNativeTarget;
			buildConfigurationList = A3FA152B25E29BB9008F83C6 /* Build configuration list for PBXNativeTarget "Foresight WatchKit Extension" */;
			buildPhases = (
				A3FA150F25E29BB7008F83C6 /* Sources */,
				A3FA151025E29BB7008F83C6 /* Frameworks */,
				A3FA151125E29BB7008F83C6 /* Resources */,
			);
			buildRules = (
			);
			dependencies = (
			);
			name = "Foresight WatchKit Extension";
			productName = "Foresight WatchKit Extension";
			productReference = A3FA151325E29BB7008F83C6 /* Foresight WatchKit Extension.appex */;
			productType = "com.apple.product-type.watchkit2-extension";
		};
/* End PBXNativeTarget section */

/* Begin PBXProject section */
		A3FA14F025E29BB1008F83C6 /* Project object */ = {
			isa = PBXProject;
			attributes = {
				LastSwiftUpdateCheck = 1240;
				LastUpgradeCheck = 1240;
				TargetAttributes = {
					A3FA14F725E29BB1008F83C6 = {
						CreatedOnToolsVersion = 12.4;
					};
					A3FA150625E29BB4008F83C6 = {
						CreatedOnToolsVersion = 12.4;
					};
					A3FA151225E29BB7008F83C6 = {
						CreatedOnToolsVersion = 12.4;
					};
				};
			};
			buildConfigurationList = A3FA14F325E29BB1008F83C6 /* Build configuration list for PBXProject "Foresight" */;
			compatibilityVersion = "Xcode 9.3";
			developmentRegion = en;
			hasScannedForEncodings = 0;
			knownRegions = (
				en,
				Base,
			);
			mainGroup = A3FA14EF25E29BB1008F83C6;
			productRefGroup = A3FA14F925E29BB1008F83C6 /* Products */;
			projectDirPath = "";
			projectRoot = "";
			targets = (
				A3FA14F725E29BB1008F83C6 /* Foresight */,
				A3FA150625E29BB4008F83C6 /* Foresight WatchKit App */,
				A3FA151225E29BB7008F83C6 /* Foresight WatchKit Extension */,
			);
		};
/* End PBXProject section */

/* Begin PBXResourcesBuildPhase section */
		A3FA14F625E29BB1008F83C6 /* Resources */ = {
			isa = PBXResourcesBuildPhase;
			buildActionMask = 2147483647;
			files = (
				A3FA150325E29BB4008F83C6 /* Preview Assets.xcassets in Resources */,
				A3FA150025E29BB4008F83C6 /* Assets.xcassets in Resources */,
			);
			runOnlyForDeploymentPostprocessing = 0;
		};
		A3FA150525E29BB4008F83C6 /* Resources */ = {
			isa = PBXResourcesBuildPhase;
			buildActionMask = 2147483647;
			files = (
				A3FA150D25E29BB7008F83C6 /* Assets.xcassets in Resources */,
			);
			runOnlyForDeploymentPostprocessing = 0;
		};
		A3FA151125E29BB7008F83C6 /* Resources */ = {
			isa = PBXResourcesBuildPhase;
			buildActionMask = 2147483647;
			files = (
				A3FA152625E29BB9008F83C6 /* Preview Assets.xcassets in Resources */,
				A3FA152325E29BB9008F83C6 /* Assets.xcassets in Resources */,
			);
			runOnlyForDeploymentPostprocessing = 0;
		};
/* End PBXResourcesBuildPhase section */

/* Begin PBXSourcesBuildPhase section */
		A3FA14F425E29BB1008F83C6 /* Sources */ = {
			isa = PBXSourcesBuildPhase;
			buildActionMask = 2147483647;
			files = (
				A3A77DBA25E2A4E600DA4D29 /* WeatherViewModel.swift in Sources */,
				A3A77DB325E29CF400DA4D29 /* WeatherService.swift in Sources */,
				A333AB0F25E414CB0052B536 /* WatchView.swift in Sources */,
				A3A77DB425E29CF400DA4D29 /* Weather.swift in Sources */,
				A3A77DB525E29CF400DA4D29 /* WeatherView.swift in Sources */,
				A333AAEE25E411DB0052B536 /* ForesightApp.swift in Sources */,
			);
			runOnlyForDeploymentPostprocessing = 0;
		};
		A3FA150F25E29BB7008F83C6 /* Sources */ = {
			isa = PBXSourcesBuildPhase;
			buildActionMask = 2147483647;
			files = (
				A333AB0A25E414C50052B536 /* ForesightWatchApp.swift in Sources */,
				A3A77DDB25E2C8AF00DA4D29 /* Weather.swift in Sources */,
				A3FA151D25E29BB7008F83C6 /* NotificationController.swift in Sources */,
				A3FA152125E29BB7008F83C6 /* ComplicationController.swift in Sources */,
				A333AB0B25E414C50052B536 /* WatchView.swift in Sources */,
				A3A77DD725E2C7F000DA4D29 /* WeatherViewModel.swift in Sources */,
				A3A77DD325E2C7DE00DA4D29 /* WeatherService.swift in Sources */,
				A3FA151F25E29BB7008F83C6 /* NotificationView.swift in Sources */,
			);
			runOnlyForDeploymentPostprocessing = 0;
		};
/* End PBXSourcesBuildPhase section */

/* Begin PBXTargetDependency section */
		A3FA150A25E29BB4008F83C6 /* PBXTargetDependency */ = {
			isa = PBXTargetDependency;
			target = A3FA150625E29BB4008F83C6 /* Foresight WatchKit App */;
			targetProxy = A3FA150925E29BB4008F83C6 /* PBXContainerItemProxy */;
		};
		A3FA151625E29BB7008F83C6 /* PBXTargetDependency */ = {
			isa = PBXTargetDependency;
			target = A3FA151225E29BB7008F83C6 /* Foresight WatchKit Extension */;
			targetProxy = A3FA151525E29BB7008F83C6 /* PBXContainerItemProxy */;
		};
/* End PBXTargetDependency section */

/* Begin XCBuildConfiguration section */
		A3FA152925E29BB9008F83C6 /* Debug */ = {
			isa = XCBuildConfiguration;
			buildSettings = {
				ALWAYS_SEARCH_USER_PATHS = NO;
				CLANG_ANALYZER_NONNULL = YES;
				CLANG_ANALYZER_NUMBER_OBJECT_CONVERSION = YES_AGGRESSIVE;
				CLANG_CXX_LANGUAGE_STANDARD = "gnu++14";
				CLANG_CXX_LIBRARY = "libc++";
				CLANG_ENABLE_MODULES = YES;
				CLANG_ENABLE_OBJC_ARC = YES;
				CLANG_ENABLE_OBJC_WEAK = YES;
				CLANG_WARN_BLOCK_CAPTURE_AUTORELEASING = YES;
				CLANG_WARN_BOOL_CONVERSION = YES;
				CLANG_WARN_COMMA = YES;
				CLANG_WARN_CONSTANT_CONVERSION = YES;
				CLANG_WARN_DEPRECATED_OBJC_IMPLEMENTATIONS = YES;
				CLANG_WARN_DIRECT_OBJC_ISA_USAGE = YES_ERROR;
				CLANG_WARN_DOCUMENTATION_COMMENTS = YES;
				CLANG_WARN_EMPTY_BODY = YES;
				CLANG_WARN_ENUM_CONVERSION = YES;
				CLANG_WARN_INFINITE_RECURSION = YES;
				CLANG_WARN_INT_CONVERSION = YES;
				CLANG_WARN_NON_LITERAL_NULL_CONVERSION = YES;
				CLANG_WARN_OBJC_IMPLICIT_RETAIN_SELF = YES;
				CLANG_WARN_OBJC_LITERAL_CONVERSION = YES;
				CLANG_WARN_OBJC_ROOT_CLASS = YES_ERROR;
				CLANG_WARN_QUOTED_INCLUDE_IN_FRAMEWORK_HEADER = YES;
				CLANG_WARN_RANGE_LOOP_ANALYSIS = YES;
				CLANG_WARN_STRICT_PROTOTYPES = YES;
				CLANG_WARN_SUSPICIOUS_MOVE = YES;
				CLANG_WARN_UNGUARDED_AVAILABILITY = YES_AGGRESSIVE;
				CLANG_WARN_UNREACHABLE_CODE = YES;
				CLANG_WARN__DUPLICATE_METHOD_MATCH = YES;
				COPY_PHASE_STRIP = NO;
				DEBUG_INFORMATION_FORMAT = dwarf;
				ENABLE_STRICT_OBJC_MSGSEND = YES;
				ENABLE_TESTABILITY = YES;
				GCC_C_LANGUAGE_STANDARD = gnu11;
				GCC_DYNAMIC_NO_PIC = NO;
				GCC_NO_COMMON_BLOCKS = YES;
				GCC_OPTIMIZATION_LEVEL = 0;
				GCC_PREPROCESSOR_DEFINITIONS = (
					"DEBUG=1",
					"$(inherited)",
				);
				GCC_WARN_64_TO_32_BIT_CONVERSION = YES;
				GCC_WARN_ABOUT_RETURN_TYPE = YES_ERROR;
				GCC_WARN_UNDECLARED_SELECTOR = YES;
				GCC_WARN_UNINITIALIZED_AUTOS = YES_AGGRESSIVE;
				GCC_WARN_UNUSED_FUNCTION = YES;
				GCC_WARN_UNUSED_VARIABLE = YES;
				MTL_ENABLE_DEBUG_INFO = INCLUDE_SOURCE;
				MTL_FAST_MATH = YES;
				ONLY_ACTIVE_ARCH = YES;
				SWIFT_ACTIVE_COMPILATION_CONDITIONS = DEBUG;
				SWIFT_OPTIMIZATION_LEVEL = "-Onone";
			};
			name = Debug;
		};
		A3FA152A25E29BB9008F83C6 /* Release */ = {
			isa = XCBuildConfiguration;
			buildSettings = {
				ALWAYS_SEARCH_USER_PATHS = NO;
				CLANG_ANALYZER_NONNULL = YES;
				CLANG_ANALYZER_NUMBER_OBJECT_CONVERSION = YES_AGGRESSIVE;
				CLANG_CXX_LANGUAGE_STANDARD = "gnu++14";
				CLANG_CXX_LIBRARY = "libc++";
				CLANG_ENABLE_MODULES = YES;
				CLANG_ENABLE_OBJC_ARC = YES;
				CLANG_ENABLE_OBJC_WEAK = YES;
				CLANG_WARN_BLOCK_CAPTURE_AUTORELEASING = YES;
				CLANG_WARN_BOOL_CONVERSION = YES;
				CLANG_WARN_COMMA = YES;
				CLANG_WARN_CONSTANT_CONVERSION = YES;
				CLANG_WARN_DEPRECATED_OBJC_IMPLEMENTATIONS = YES;
				CLANG_WARN_DIRECT_OBJC_ISA_USAGE = YES_ERROR;
				CLANG_WARN_DOCUMENTATION_COMMENTS = YES;
				CLANG_WARN_EMPTY_BODY = YES;
				CLANG_WARN_ENUM_CONVERSION = YES;
				CLANG_WARN_INFINITE_RECURSION = YES;
				CLANG_WARN_INT_CONVERSION = YES;
				CLANG_WARN_NON_LITERAL_NULL_CONVERSION = YES;
				CLANG_WARN_OBJC_IMPLICIT_RETAIN_SELF = YES;
				CLANG_WARN_OBJC_LITERAL_CONVERSION = YES;
				CLANG_WARN_OBJC_ROOT_CLASS = YES_ERROR;
				CLANG_WARN_QUOTED_INCLUDE_IN_FRAMEWORK_HEADER = YES;
				CLANG_WARN_RANGE_LOOP_ANALYSIS = YES;
				CLANG_WARN_STRICT_PROTOTYPES = YES;
				CLANG_WARN_SUSPICIOUS_MOVE = YES;
				CLANG_WARN_UNGUARDED_AVAILABILITY = YES_AGGRESSIVE;
				CLANG_WARN_UNREACHABLE_CODE = YES;
				CLANG_WARN__DUPLICATE_METHOD_MATCH = YES;
				COPY_PHASE_STRIP = NO;
				DEBUG_INFORMATION_FORMAT = "dwarf-with-dsym";
				ENABLE_NS_ASSERTIONS = NO;
				ENABLE_STRICT_OBJC_MSGSEND = YES;
				GCC_C_LANGUAGE_STANDARD = gnu11;
				GCC_NO_COMMON_BLOCKS = YES;
				GCC_WARN_64_TO_32_BIT_CONVERSION = YES;
				GCC_WARN_ABOUT_RETURN_TYPE = YES_ERROR;
				GCC_WARN_UNDECLARED_SELECTOR = YES;
				GCC_WARN_UNINITIALIZED_AUTOS = YES_AGGRESSIVE;
				GCC_WARN_UNUSED_FUNCTION = YES;
				GCC_WARN_UNUSED_VARIABLE = YES;
				MTL_ENABLE_DEBUG_INFO = NO;
				MTL_FAST_MATH = YES;
				SWIFT_COMPILATION_MODE = wholemodule;
				SWIFT_OPTIMIZATION_LEVEL = "-O";
			};
			name = Release;
		};
		A3FA152C25E29BB9008F83C6 /* Debug */ = {
			isa = XCBuildConfiguration;
			buildSettings = {
				ASSETCATALOG_COMPILER_COMPLICATION_NAME = Complication;
				CODE_SIGN_STYLE = Automatic;
				DEVELOPMENT_ASSET_PATHS = "\"Foresight WatchKit Extension/Preview Content\"";
				DEVELOPMENT_TEAM = C66GEQ6DAN;
				ENABLE_PREVIEWS = YES;
				INFOPLIST_FILE = "Foresight WatchKit Extension/Info.plist";
				LD_RUNPATH_SEARCH_PATHS = (
					"$(inherited)",
					"@executable_path/Frameworks",
					"@executable_path/../../Frameworks",
				);
				PRODUCT_BUNDLE_IDENTIFIER = com.lukewilkinson.Foresight.watchkitapp.watchkitextension;
				PRODUCT_NAME = "${TARGET_NAME}";
				SDKROOT = watchos;
				SKIP_INSTALL = YES;
				SWIFT_VERSION = 5.0;
				TARGETED_DEVICE_FAMILY = 4;
				WATCHOS_DEPLOYMENT_TARGET = 7.2;
			};
			name = Debug;
		};
		A3FA152D25E29BB9008F83C6 /* Release */ = {
			isa = XCBuildConfiguration;
			buildSettings = {
				ASSETCATALOG_COMPILER_COMPLICATION_NAME = Complication;
				CODE_SIGN_STYLE = Automatic;
				DEVELOPMENT_ASSET_PATHS = "\"Foresight WatchKit Extension/Preview Content\"";
				DEVELOPMENT_TEAM = C66GEQ6DAN;
				ENABLE_PREVIEWS = YES;
				INFOPLIST_FILE = "Foresight WatchKit Extension/Info.plist";
				LD_RUNPATH_SEARCH_PATHS = (
					"$(inherited)",
					"@executable_path/Frameworks",
					"@executable_path/../../Frameworks",
				);
				PRODUCT_BUNDLE_IDENTIFIER = com.lukewilkinson.Foresight.watchkitapp.watchkitextension;
				PRODUCT_NAME = "${TARGET_NAME}";
				SDKROOT = watchos;
				SKIP_INSTALL = YES;
				SWIFT_VERSION = 5.0;
				TARGETED_DEVICE_FAMILY = 4;
				VALIDATE_PRODUCT = YES;
				WATCHOS_DEPLOYMENT_TARGET = 7.2;
			};
			name = Release;
		};
		A3FA153025E29BB9008F83C6 /* Debug */ = {
			isa = XCBuildConfiguration;
			buildSettings = {
				ALWAYS_EMBED_SWIFT_STANDARD_LIBRARIES = YES;
				ASSETCATALOG_COMPILER_APPICON_NAME = AppIcon;
				ASSETCATALOG_COMPILER_GLOBAL_ACCENT_COLOR_NAME = AccentColor;
				CODE_SIGN_STYLE = Automatic;
				DEVELOPMENT_TEAM = C66GEQ6DAN;
				IBSC_MODULE = Foresight_WatchKit_Extension;
				INFOPLIST_FILE = "Foresight WatchKit App/Info.plist";
				PRODUCT_BUNDLE_IDENTIFIER = com.lukewilkinson.Foresight.watchkitapp;
				PRODUCT_NAME = "$(TARGET_NAME)";
				SDKROOT = watchos;
				SKIP_INSTALL = YES;
				SWIFT_VERSION = 5.0;
				TARGETED_DEVICE_FAMILY = 4;
				WATCHOS_DEPLOYMENT_TARGET = 7.2;
			};
			name = Debug;
		};
		A3FA153125E29BB9008F83C6 /* Release */ = {
			isa = XCBuildConfiguration;
			buildSettings = {
				ALWAYS_EMBED_SWIFT_STANDARD_LIBRARIES = YES;
				ASSETCATALOG_COMPILER_APPICON_NAME = AppIcon;
				ASSETCATALOG_COMPILER_GLOBAL_ACCENT_COLOR_NAME = AccentColor;
				CODE_SIGN_STYLE = Automatic;
				DEVELOPMENT_TEAM = C66GEQ6DAN;
				IBSC_MODULE = Foresight_WatchKit_Extension;
				INFOPLIST_FILE = "Foresight WatchKit App/Info.plist";
				PRODUCT_BUNDLE_IDENTIFIER = com.lukewilkinson.Foresight.watchkitapp;
				PRODUCT_NAME = "$(TARGET_NAME)";
				SDKROOT = watchos;
				SKIP_INSTALL = YES;
				SWIFT_VERSION = 5.0;
				TARGETED_DEVICE_FAMILY = 4;
				VALIDATE_PRODUCT = YES;
				WATCHOS_DEPLOYMENT_TARGET = 7.2;
			};
			name = Release;
		};
		A3FA153425E29BB9008F83C6 /* Debug */ = {
			isa = XCBuildConfiguration;
			buildSettings = {
				ASSETCATALOG_COMPILER_APPICON_NAME = AppIcon;
				ASSETCATALOG_COMPILER_GLOBAL_ACCENT_COLOR_NAME = AccentColor;
				CODE_SIGN_STYLE = Automatic;
				"CODE_SIGN_STYLE[sdk=*]" = Automatic;
				DEVELOPMENT_ASSET_PATHS = "\"Foresight/Preview Content\"";
				DEVELOPMENT_TEAM = C66GEQ6DAN;
				ENABLE_PREVIEWS = YES;
				INFOPLIST_FILE = Foresight/Info.plist;
				IPHONEOS_DEPLOYMENT_TARGET = 14.4;
				LD_RUNPATH_SEARCH_PATHS = (
					"$(inherited)",
					"@executable_path/Frameworks",
				);
				PRODUCT_BUNDLE_IDENTIFIER = com.lukewilkinson.Foresight;
				PRODUCT_NAME = "$(TARGET_NAME)";
				SDKROOT = iphoneos;
				SWIFT_VERSION = 5.0;
				TARGETED_DEVICE_FAMILY = "1,2";
			};
			name = Debug;
		};
		A3FA153525E29BB9008F83C6 /* Release */ = {
			isa = XCBuildConfiguration;
			buildSettings = {
				ASSETCATALOG_COMPILER_APPICON_NAME = AppIcon;
				ASSETCATALOG_COMPILER_GLOBAL_ACCENT_COLOR_NAME = AccentColor;
				CODE_SIGN_STYLE = Automatic;
				"CODE_SIGN_STYLE[sdk=*]" = Automatic;
				DEVELOPMENT_ASSET_PATHS = "\"Foresight/Preview Content\"";
				DEVELOPMENT_TEAM = C66GEQ6DAN;
				ENABLE_PREVIEWS = YES;
				INFOPLIST_FILE = Foresight/Info.plist;
				IPHONEOS_DEPLOYMENT_TARGET = 14.4;
				LD_RUNPATH_SEARCH_PATHS = (
					"$(inherited)",
					"@executable_path/Frameworks",
				);
				PRODUCT_BUNDLE_IDENTIFIER = com.lukewilkinson.Foresight;
				PRODUCT_NAME = "$(TARGET_NAME)";
				SDKROOT = iphoneos;
				SWIFT_VERSION = 5.0;
				TARGETED_DEVICE_FAMILY = "1,2";
				VALIDATE_PRODUCT = YES;
			};
			name = Release;
		};
/* End XCBuildConfiguration section */

/* Begin XCConfigurationList section */
		A3FA14F325E29BB1008F83C6 /* Build configuration list for PBXProject "Foresight" */ = {
			isa = XCConfigurationList;
			buildConfigurations = (
				A3FA152925E29BB9008F83C6 /* Debug */,
				A3FA152A25E29BB9008F83C6 /* Release */,
			);
			defaultConfigurationIsVisible = 0;
			defaultConfigurationName = Release;
		};
		A3FA152B25E29BB9008F83C6 /* Build configuration list for PBXNativeTarget "Foresight WatchKit Extension" */ = {
			isa = XCConfigurationList;
			buildConfigurations = (
				A3FA152C25E29BB9008F83C6 /* Debug */,
				A3FA152D25E29BB9008F83C6 /* Release */,
			);
			defaultConfigurationIsVisible = 0;
			defaultConfigurationName = Release;
		};
		A3FA152F25E29BB9008F83C6 /* Build configuration list for PBXNativeTarget "Foresight WatchKit App" */ = {
			isa = XCConfigurationList;
			buildConfigurations = (
				A3FA153025E29BB9008F83C6 /* Debug */,
				A3FA153125E29BB9008F83C6 /* Release */,
			);
			defaultConfigurationIsVisible = 0;
			defaultConfigurationName = Release;
		};
		A3FA153325E29BB9008F83C6 /* Build configuration list for PBXNativeTarget "Foresight" */ = {
			isa = XCConfigurationList;
			buildConfigurations = (
				A3FA153425E29BB9008F83C6 /* Debug */,
				A3FA153525E29BB9008F83C6 /* Release */,
			);
			defaultConfigurationIsVisible = 0;
			defaultConfigurationName = Release;
		};
/* End XCConfigurationList section */
	};
	rootObject = A3FA14F025E29BB1008F83C6 /* Project object */;
}
